
Microsoft Visual Studio Solution File, Format Version 12.00
# Visual Studio 14
VisualStudioVersion = 14.0.25420.1
MinimumVisualStudioVersion = 10.0.40219.1
Project("{FAE04EC0-301F-11D3-BF4B-00C04F79EFBC}") = "IdentityServer", "IdentityServer\IdentityServer.csproj", "{2F2019DD-EAA7-4AC0-BD16-B5A6EB7ACA99}"
EndProject
Project("{FAE04EC0-301F-11D3-BF4B-00C04F79EFBC}") = "IdentityServer.Data", "IdentityServer.Data\IdentityServer.Data.csproj", "{67EF30F7-48BD-4DC7-9AC3-46B6B8951C53}"
EndProject
Project("{FAE04EC0-301F-11D3-BF4B-00C04F79EFBC}") = "IdentutyServer.Web", "IdentutyServer.Web\IdentutyServer.Web.csproj", "{DECCC016-186E-4FFC-AA56-1E5284E70141}"
EndProject
Project("{FAE04EC0-301F-11D3-BF4B-00C04F79EFBC}") = "IdentityServer.AuthorizationProvider", "IdentityServer.AuthorizationProvider\IdentityServer.AuthorizationProvider.csproj", "{21F3E13B-B3D1-436E-A3D4-A0E2EB2071C9}"
EndProject
Project("{FAE04EC0-301F-11D3-BF4B-00C04F79EFBC}") = "IdentityServer.AuthorizationProvider.ApsNetIdenityEf", "IdentityServer.AuthorizationProvider.ApsNetIdenityEf\IdentityServer.AuthorizationProvider.ApsNetIdenityEf.csproj", "{75794856-B8DF-4D77-9F08-C389BE8C7B20}"
EndProject
Project("{FAE04EC0-301F-11D3-BF4B-00C04F79EFBC}") = "IdentityServer.Core", "IdentityServer.Core\IdentityServer.Core.csproj", "{792A7338-5D13-4946-B778-6EA75AA33582}"
EndProject
Global
	GlobalSection(SolutionConfigurationPlatforms) = preSolution
		64|Any CPU = 64|Any CPU
		64|x64 = 64|x64
		Debug|Any CPU = Debug|Any CPU
		Debug|x64 = Debug|x64
		Release|Any CPU = Release|Any CPU
		Release|x64 = Release|x64
	EndGlobalSection
	GlobalSection(ProjectConfigurationPlatforms) = postSolution
		{2F2019DD-EAA7-4AC0-BD16-B5A6EB7ACA99}.64|Any CPU.ActiveCfg = 64|x64
		{2F2019DD-EAA7-4AC0-BD16-B5A6EB7ACA99}.64|Any CPU.Build.0 = 64|x64
		{2F2019DD-EAA7-4AC0-BD16-B5A6EB7ACA99}.64|x64.ActiveCfg = 64|x64
		{2F2019DD-EAA7-4AC0-BD16-B5A6EB7ACA99}.64|x64.Build.0 = 64|x64
		{2F2019DD-EAA7-4AC0-BD16-B5A6EB7ACA99}.Debug|Any CPU.ActiveCfg = Debug|Any CPU
		{2F2019DD-EAA7-4AC0-BD16-B5A6EB7ACA99}.Debug|Any CPU.Build.0 = Debug|Any CPU
		{2F2019DD-EAA7-4AC0-BD16-B5A6EB7ACA99}.Debug|x64.ActiveCfg = Debug|x64
		{2F2019DD-EAA7-4AC0-BD16-B5A6EB7ACA99}.Debug|x64.Build.0 = Debug|x64
		{2F2019DD-EAA7-4AC0-BD16-B5A6EB7ACA99}.Release|Any CPU.ActiveCfg = Release|Any CPU
		{2F2019DD-EAA7-4AC0-BD16-B5A6EB7ACA99}.Release|Any CPU.Build.0 = Release|Any CPU
		{2F2019DD-EAA7-4AC0-BD16-B5A6EB7ACA99}.Release|x64.ActiveCfg = Release|x64
		{2F2019DD-EAA7-4AC0-BD16-B5A6EB7ACA99}.Release|x64.Build.0 = Release|x64
		{67EF30F7-48BD-4DC7-9AC3-46B6B8951C53}.64|Any CPU.ActiveCfg = 64|Any CPU
		{67EF30F7-48BD-4DC7-9AC3-46B6B8951C53}.64|Any CPU.Build.0 = 64|Any CPU
		{67EF30F7-48BD-4DC7-9AC3-46B6B8951C53}.64|x64.ActiveCfg = 64|Any CPU
		{67EF30F7-48BD-4DC7-9AC3-46B6B8951C53}.64|x64.Build.0 = 64|Any CPU
		{67EF30F7-48BD-4DC7-9AC3-46B6B8951C53}.Debug|Any CPU.ActiveCfg = Debug|Any CPU
		{67EF30F7-48BD-4DC7-9AC3-46B6B8951C53}.Debug|Any CPU.Build.0 = Debug|Any CPU
		{67EF30F7-48BD-4DC7-9AC3-46B6B8951C53}.Debug|x64.ActiveCfg = Debug|Any CPU
		{67EF30F7-48BD-4DC7-9AC3-46B6B8951C53}.Debug|x64.Build.0 = Debug|Any CPU
		{67EF30F7-48BD-4DC7-9AC3-46B6B8951C53}.Release|Any CPU.ActiveCfg = Release|Any CPU
		{67EF30F7-48BD-4DC7-9AC3-46B6B8951C53}.Release|Any CPU.Build.0 = Release|Any CPU
		{67EF30F7-48BD-4DC7-9AC3-46B6B8951C53}.Release|x64.ActiveCfg = Release|Any CPU
		{67EF30F7-48BD-4DC7-9AC3-46B6B8951C53}.Release|x64.Build.0 = Release|Any CPU
		{DECCC016-186E-4FFC-AA56-1E5284E70141}.64|Any CPU.ActiveCfg = 64|Any CPU
		{DECCC016-186E-4FFC-AA56-1E5284E70141}.64|Any CPU.Build.0 = 64|Any CPU
		{DECCC016-186E-4FFC-AA56-1E5284E70141}.64|x64.ActiveCfg = 64|Any CPU
		{DECCC016-186E-4FFC-AA56-1E5284E70141}.64|x64.Build.0 = 64|Any CPU
		{DECCC016-186E-4FFC-AA56-1E5284E70141}.Debug|Any CPU.ActiveCfg = Debug|Any CPU
		{DECCC016-186E-4FFC-AA56-1E5284E70141}.Debug|Any CPU.Build.0 = Debug|Any CPU
		{DECCC016-186E-4FFC-AA56-1E5284E70141}.Debug|x64.ActiveCfg = Debug|Any CPU
		{DECCC016-186E-4FFC-AA56-1E5284E70141}.Debug|x64.Build.0 = Debug|Any CPU
		{DECCC016-186E-4FFC-AA56-1E5284E70141}.Release|Any CPU.ActiveCfg = Release|Any CPU
		{DECCC016-186E-4FFC-AA56-1E5284E70141}.Release|Any CPU.Build.0 = Release|Any CPU
		{DECCC016-186E-4FFC-AA56-1E5284E70141}.Release|x64.ActiveCfg = Release|Any CPU
		{DECCC016-186E-4FFC-AA56-1E5284E70141}.Release|x64.Build.0 = Release|Any CPU
		{21F3E13B-B3D1-436E-A3D4-A0E2EB2071C9}.64|Any CPU.ActiveCfg = 64|Any CPU
		{21F3E13B-B3D1-436E-A3D4-A0E2EB2071C9}.64|Any CPU.Build.0 = 64|Any CPU
		{21F3E13B-B3D1-436E-A3D4-A0E2EB2071C9}.64|x64.ActiveCfg = 64|Any CPU
		{21F3E13B-B3D1-436E-A3D4-A0E2EB2071C9}.64|x64.Build.0 = 64|Any CPU
		{21F3E13B-B3D1-436E-A3D4-A0E2EB2071C9}.Debug|Any CPU.ActiveCfg = Debug|Any CPU
		{21F3E13B-B3D1-436E-A3D4-A0E2EB2071C9}.Debug|Any CPU.Build.0 = Debug|Any CPU
		{21F3E13B-B3D1-436E-A3D4-A0E2EB2071C9}.Debug|x64.ActiveCfg = Debug|Any CPU
		{21F3E13B-B3D1-436E-A3D4-A0E2EB2071C9}.Debug|x64.Build.0 = Debug|Any CPU
		{21F3E13B-B3D1-436E-A3D4-A0E2EB2071C9}.Release|Any CPU.ActiveCfg = Release|Any CPU
		{21F3E13B-B3D1-436E-A3D4-A0E2EB2071C9}.Release|Any CPU.Build.0 = Release|Any CPU
		{21F3E13B-B3D1-436E-A3D4-A0E2EB2071C9}.Release|x64.ActiveCfg = Release|Any CPU
		{21F3E13B-B3D1-436E-A3D4-A0E2EB2071C9}.Release|x64.Build.0 = Release|Any CPU
		{75794856-B8DF-4D77-9F08-C389BE8C7B20}.64|Any CPU.ActiveCfg = 64|Any CPU
		{75794856-B8DF-4D77-9F08-C389BE8C7B20}.64|Any CPU.Build.0 = 64|Any CPU
		{75794856-B8DF-4D77-9F08-C389BE8C7B20}.64|x64.ActiveCfg = 64|Any CPU
		{75794856-B8DF-4D77-9F08-C389BE8C7B20}.64|x64.Build.0 = 64|Any CPU
		{75794856-B8DF-4D77-9F08-C389BE8C7B20}.Debug|Any CPU.ActiveCfg = Debug|Any CPU
		{75794856-B8DF-4D77-9F08-C389BE8C7B20}.Debug|Any CPU.Build.0 = Debug|Any CPU
		{75794856-B8DF-4D77-9F08-C389BE8C7B20}.Debug|x64.ActiveCfg = Debug|Any CPU
		{75794856-B8DF-4D77-9F08-C389BE8C7B20}.Debug|x64.Build.0 = Debug|Any CPU
		{75794856-B8DF-4D77-9F08-C389BE8C7B20}.Release|Any CPU.ActiveCfg = Release|Any CPU
		{75794856-B8DF-4D77-9F08-C389BE8C7B20}.Release|Any CPU.Build.0 = Release|Any CPU
		{75794856-B8DF-4D77-9F08-C389BE8C7B20}.Release|x64.ActiveCfg = Release|Any CPU
		{75794856-B8DF-4D77-9F08-C389BE8C7B20}.Release|x64.Build.0 = Release|Any CPU
		{792A7338-5D13-4946-B778-6EA75AA33582}.64|Any CPU.ActiveCfg = 64|Any CPU
		{792A7338-5D13-4946-B778-6EA75AA33582}.64|Any CPU.Build.0 = 64|Any CPU
		{792A7338-5D13-4946-B778-6EA75AA33582}.64|x64.ActiveCfg = 64|Any CPU
		{792A7338-5D13-4946-B778-6EA75AA33582}.64|x64.Build.0 = 64|Any CPU
		{792A7338-5D13-4946-B778-6EA75AA33582}.Debug|Any CPU.ActiveCfg = Debug|Any CPU
		{792A7338-5D13-4946-B778-6EA75AA33582}.Debug|Any CPU.Build.0 = Debug|Any CPU
		{792A7338-5D13-4946-B778-6EA75AA33582}.Debug|x64.ActiveCfg = Debug|Any CPU
		{792A7338-5D13-4946-B778-6EA75AA33582}.Debug|x64.Build.0 = Debug|Any CPU
		{792A7338-5D13-4946-B778-6EA75AA33582}.Release|Any CPU.ActiveCfg = Release|Any CPU
		{792A7338-5D13-4946-B778-6EA75AA33582}.Release|Any CPU.Build.0 = Release|Any CPU
		{792A7338-5D13-4946-B778-6EA75AA33582}.Release|x64.ActiveCfg = Release|Any CPU
		{792A7338-5D13-4946-B778-6EA75AA33582}.Release|x64.Build.0 = Release|Any CPU
	EndGlobalSection
	GlobalSection(SolutionProperties) = preSolution
		HideSolutionNode = FALSE
	EndGlobalSection
EndGlobal
